
Microsoft Visual Studio Solution File, Format Version 12.00
# Visual Studio Version 17
VisualStudioVersion = 17.0.31903.59
MinimumVisualStudioVersion = 10.0.40219.1
Project("{FAE04EC0-301F-11D3-BF4B-00C04F79EFBC}") = "Shared.Common", "src\Shared\Common\Shared.Common.csproj", "{3FC51F79-4A5A-FFAD-F1EC-307F1AFBB7CE}"
EndProject
Project("{2150E333-8FDC-42A3-9474-1A3956D46DE8}") = "Solution Components", "Solution Components", "{36D591C7-65C7-A0D1-1CBC-10CDE441BDC8}"
	ProjectSection(SolutionItems) = preProject
		.gitignore = .gitignore
		docker-compose.override.yml = docker-compose.override.yml
		docker-compose.yml = docker-compose.yml
		README.md = README.md
		setup-and-run.sh = setup-and-run.sh
	EndProjectSection
EndProject
Project("{FAE04EC0-301F-11D3-BF4B-00C04F79EFBC}") = "Shared.Messaging", "src\Shared\Messaging\Shared.Messaging.csproj", "{46474C71-8B27-D498-D9C6-202F8B067D25}"
EndProject
Project("{FAE04EC0-301F-11D3-BF4B-00C04F79EFBC}") = "Shared.Grpc", "src\Shared\Grpc\Shared.Grpc.csproj", "{37CA85CE-A33B-D339-D2C8-E78911ED02D1}"
EndProject
Project("{2150E333-8FDC-42A3-9474-1A3956D46DE8}") = "Auth", "Auth", "{B1B0244B-6080-4401-86DC-1D6EB65B01AE}"
EndProject
Project("{2150E333-8FDC-42A3-9474-1A3956D46DE8}") = "FileStorage", "FileStorage", "{1513C731-B9F9-4D41-8B8B-19FDC71AC214}"
EndProject
Project("{2150E333-8FDC-42A3-9474-1A3956D46DE8}") = "FileMetadata", "FileMetadata", "{A0D3F93B-101F-4965-9A32-A8C38E047468}"
EndProject
Project("{FAE04EC0-301F-11D3-BF4B-00C04F79EFBC}") = "Auth.API", "src\Services\Auth\Auth.API\Auth.API.csproj", "{BFA6E263-05EB-A1F1-3B83-BB00FF645A06}"
EndProject
Project("{FAE04EC0-301F-11D3-BF4B-00C04F79EFBC}") = "Auth.Core", "src\Services\Auth\Auth.Core\Auth.Core.csproj", "{539849C7-F692-41FF-AC39-282712F348AC}"
EndProject
Project("{FAE04EC0-301F-11D3-BF4B-00C04F79EFBC}") = "Auth.Infrastructure", "src\Services\Auth\Auth.Infrastructure\Auth.Infrastructure.csproj", "{28F9D136-DBD1-438F-8968-61F0A4C0054B}"
EndProject
Project("{FAE04EC0-301F-11D3-BF4B-00C04F79EFBC}") = "Auth.Grpc", "src\Services\Auth\Auth.Grpc\Auth.Grpc.csproj", "{D8BE8637-BF53-49F0-A376-EE956C128197}"
EndProject
Project("{FAE04EC0-301F-11D3-BF4B-00C04F79EFBC}") = "ApiGateway", "src\ApiGateway\ApiGateway.csproj", "{967A9878-9005-C8B0-725C-1F34134168DB}"
EndProject
Project("{2150E333-8FDC-42A3-9474-1A3956D46DE8}") = "tests", "tests", "{909214BF-1E60-4841-88AD-22048DCF2823}"
	ProjectSection(SolutionItems) = preProject
		tests\.dockerignore = tests\.dockerignore
		tests\Dockerfile = tests\Dockerfile
		tests\TestDatabase.Dockerfile = tests\TestDatabase.Dockerfile
	EndProjectSection
EndProject
Project("{FAE04EC0-301F-11D3-BF4B-00C04F79EFBC}") = "Auth.IntegrationTests", "tests\Auth.IntegrationTests\Auth.IntegrationTests.csproj", "{9B736306-8C63-4011-A3FE-D6E022C8C602}"
EndProject
Project("{FAE04EC0-301F-11D3-BF4B-00C04F79EFBC}") = "Auth.LoadTests", "tests\Auth.LoadTests\Auth.LoadTests.csproj", "{A7D48F12-BD65-4FEE-A776-38059E1FB74B}"
EndProject
Project("{2150E333-8FDC-42A3-9474-1A3956D46DE8}") = "scripts", "scripts", "{3366B6D5-7399-4B0E-AA8B-BF358B309B1A}"
	ProjectSection(SolutionItems) = preProject
		tests\scripts\init-test-db.sh = tests\scripts\init-test-db.sh
		tests\scripts\run-integration-tests-only.sh = tests\scripts\run-integration-tests-only.sh
		tests\scripts\run-tests.sh = tests\scripts\run-tests.sh
	EndProjectSection
EndProject
Project("{FAE04EC0-301F-11D3-BF4B-00C04F79EFBC}") = "Tests.Common", "tests\Tests.Common\Tests.Common.csproj", "{7D691932-52C0-AB77-4078-DDA751C4288C}"
EndProject
Project("{FAE04EC0-301F-11D3-BF4B-00C04F79EFBC}") = "FileStorage.API", "src\Services\FileStorage\FileStorage.API\FileStorage.API.csproj", "{54FC57ED-10AD-467C-0404-CB70C4509D19}"
EndProject
Project("{FAE04EC0-301F-11D3-BF4B-00C04F79EFBC}") = "FileStorage.Core", "src\Services\FileStorage\FileStorage.Core\FileStorage.Core.csproj", "{95883AD8-1501-5EC8-0DEC-0F8DDC9AAE68}"
EndProject
Project("{FAE04EC0-301F-11D3-BF4B-00C04F79EFBC}") = "FileStorage.Infrastructure", "src\Services\FileStorage\FileStorage.Infrastructure\FileStorage.Infrastructure.csproj", "{3A0BC6FA-5685-DA06-C3B8-9DB1A6B5BF19}"
EndProject
Project("{FAE04EC0-301F-11D3-BF4B-00C04F79EFBC}") = "FileMetadata.API", "src\Services\FileMetadata\FileMetadata.API\FileMetadata.API.csproj", "{D65AF96F-3317-2FD1-BACE-7F3ABFE4CFAE}"
EndProject
Project("{FAE04EC0-301F-11D3-BF4B-00C04F79EFBC}") = "FileMetadata.Core", "src\Services\FileMetadata\FileMetadata.Core\FileMetadata.Core.csproj", "{5522C232-8CC4-9D47-7D7F-A15B23A1A5F6}"
EndProject
Project("{FAE04EC0-301F-11D3-BF4B-00C04F79EFBC}") = "FileMetadata.Infrastructure", "src\Services\FileMetadata\FileMetadata.Infrastructure\FileMetadata.Infrastructure.csproj", "{4FAED413-AE68-0991-E4B2-AF7D1617D951}"
EndProject
Project("{FAE04EC0-301F-11D3-BF4B-00C04F79EFBC}") = "Shared.API", "src\Shared\API\Shared.API.csproj", "{6284E211-86E4-450F-B639-D4C80ECFAFAB}"
EndProject
Project("{2150E333-8FDC-42A3-9474-1A3956D46DE8}") = "Shared", "Shared", "{BC254084-F087-445E-AA1D-111697CA93E2}"
EndProject
Project("{2150E333-8FDC-42A3-9474-1A3956D46DE8}") = "Services", "Services", "{76C0CD42-1BA1-4E1D-9CC6-AEE416B8A68D}"
EndProject
Project("{FAE04EC0-301F-11D3-BF4B-00C04F79EFBC}") = "FileStorage.IntegrationTests", "tests\FileStorage.IntegrationTests\FileStorage.IntegrationTests.csproj", "{6AB30D69-8203-4D77-A05B-9677033B1A36}"
EndProject
Project("{FAE04EC0-301F-11D3-BF4B-00C04F79EFBC}") = "FileStorage.LoadTests", "tests\FileStorage.LoadTests\FileStorage.LoadTests.csproj", "{886F4DB1-4713-4C35-9940-2D177A6C4154}"
EndProject
Project("{FAE04EC0-301F-11D3-BF4B-00C04F79EFBC}") = "FileMetadata.IntegrationTests", "tests\FileMetadata.IntegrationTests\FileMetadata.IntegrationTests.csproj", "{E3C3FB7B-01C7-40B7-9559-95C7FD92C288}"
EndProject
Project("{FAE04EC0-301F-11D3-BF4B-00C04F79EFBC}") = "Shared.Caching", "src\Shared\Caching\Shared.Caching.csproj", "{92C9E8C2-CEC0-480A-9AB3-DFD05A673A6C}"
EndProject
Project("{FAE04EC0-301F-11D3-BF4B-00C04F79EFBC}") = "RedisCacheTests.IntegrationTests", "tests\RedisCacheTests.IntegrationTests\RedisCacheTests.IntegrationTests.csproj", "{D82C8573-5EC0-4040-A934-857D50EEAF86}"
EndProject
Global
	GlobalSection(SolutionConfigurationPlatforms) = preSolution
		Debug|Any CPU = Debug|Any CPU
		Release|Any CPU = Release|Any CPU
	EndGlobalSection
	GlobalSection(ProjectConfigurationPlatforms) = postSolution
		{3FC51F79-4A5A-FFAD-F1EC-307F1AFBB7CE}.Debug|Any CPU.ActiveCfg = Debug|Any CPU
		{3FC51F79-4A5A-FFAD-F1EC-307F1AFBB7CE}.Debug|Any CPU.Build.0 = Debug|Any CPU
		{3FC51F79-4A5A-FFAD-F1EC-307F1AFBB7CE}.Release|Any CPU.ActiveCfg = Release|Any CPU
		{3FC51F79-4A5A-FFAD-F1EC-307F1AFBB7CE}.Release|Any CPU.Build.0 = Release|Any CPU
		{46474C71-8B27-D498-D9C6-202F8B067D25}.Debug|Any CPU.ActiveCfg = Debug|Any CPU
		{46474C71-8B27-D498-D9C6-202F8B067D25}.Debug|Any CPU.Build.0 = Debug|Any CPU
		{46474C71-8B27-D498-D9C6-202F8B067D25}.Release|Any CPU.ActiveCfg = Release|Any CPU
		{46474C71-8B27-D498-D9C6-202F8B067D25}.Release|Any CPU.Build.0 = Release|Any CPU
		{37CA85CE-A33B-D339-D2C8-E78911ED02D1}.Debug|Any CPU.ActiveCfg = Debug|Any CPU
		{37CA85CE-A33B-D339-D2C8-E78911ED02D1}.Debug|Any CPU.Build.0 = Debug|Any CPU
		{37CA85CE-A33B-D339-D2C8-E78911ED02D1}.Release|Any CPU.ActiveCfg = Release|Any CPU
		{37CA85CE-A33B-D339-D2C8-E78911ED02D1}.Release|Any CPU.Build.0 = Release|Any CPU
		{BFA6E263-05EB-A1F1-3B83-BB00FF645A06}.Debug|Any CPU.ActiveCfg = Debug|Any CPU
		{BFA6E263-05EB-A1F1-3B83-BB00FF645A06}.Debug|Any CPU.Build.0 = Debug|Any CPU
		{BFA6E263-05EB-A1F1-3B83-BB00FF645A06}.Release|Any CPU.ActiveCfg = Release|Any CPU
		{BFA6E263-05EB-A1F1-3B83-BB00FF645A06}.Release|Any CPU.Build.0 = Release|Any CPU
		{539849C7-F692-41FF-AC39-282712F348AC}.Debug|Any CPU.ActiveCfg = Debug|Any CPU
		{539849C7-F692-41FF-AC39-282712F348AC}.Debug|Any CPU.Build.0 = Debug|Any CPU
		{539849C7-F692-41FF-AC39-282712F348AC}.Release|Any CPU.ActiveCfg = Release|Any CPU
		{539849C7-F692-41FF-AC39-282712F348AC}.Release|Any CPU.Build.0 = Release|Any CPU
		{28F9D136-DBD1-438F-8968-61F0A4C0054B}.Debug|Any CPU.ActiveCfg = Debug|Any CPU
		{28F9D136-DBD1-438F-8968-61F0A4C0054B}.Debug|Any CPU.Build.0 = Debug|Any CPU
		{28F9D136-DBD1-438F-8968-61F0A4C0054B}.Release|Any CPU.ActiveCfg = Release|Any CPU
		{28F9D136-DBD1-438F-8968-61F0A4C0054B}.Release|Any CPU.Build.0 = Release|Any CPU
		{D8BE8637-BF53-49F0-A376-EE956C128197}.Debug|Any CPU.ActiveCfg = Debug|Any CPU
		{D8BE8637-BF53-49F0-A376-EE956C128197}.Debug|Any CPU.Build.0 = Debug|Any CPU
		{D8BE8637-BF53-49F0-A376-EE956C128197}.Release|Any CPU.ActiveCfg = Release|Any CPU
		{D8BE8637-BF53-49F0-A376-EE956C128197}.Release|Any CPU.Build.0 = Release|Any CPU
		{967A9878-9005-C8B0-725C-1F34134168DB}.Debug|Any CPU.ActiveCfg = Debug|Any CPU
		{967A9878-9005-C8B0-725C-1F34134168DB}.Debug|Any CPU.Build.0 = Debug|Any CPU
		{967A9878-9005-C8B0-725C-1F34134168DB}.Release|Any CPU.ActiveCfg = Release|Any CPU
		{967A9878-9005-C8B0-725C-1F34134168DB}.Release|Any CPU.Build.0 = Release|Any CPU
		{9B736306-8C63-4011-A3FE-D6E022C8C602}.Debug|Any CPU.ActiveCfg = Debug|Any CPU
		{9B736306-8C63-4011-A3FE-D6E022C8C602}.Debug|Any CPU.Build.0 = Debug|Any CPU
		{9B736306-8C63-4011-A3FE-D6E022C8C602}.Release|Any CPU.ActiveCfg = Release|Any CPU
		{9B736306-8C63-4011-A3FE-D6E022C8C602}.Release|Any CPU.Build.0 = Release|Any CPU
		{A7D48F12-BD65-4FEE-A776-38059E1FB74B}.Debug|Any CPU.ActiveCfg = Debug|Any CPU
		{A7D48F12-BD65-4FEE-A776-38059E1FB74B}.Debug|Any CPU.Build.0 = Debug|Any CPU
		{A7D48F12-BD65-4FEE-A776-38059E1FB74B}.Release|Any CPU.ActiveCfg = Release|Any CPU
		{A7D48F12-BD65-4FEE-A776-38059E1FB74B}.Release|Any CPU.Build.0 = Release|Any CPU
		{7D691932-52C0-AB77-4078-DDA751C4288C}.Debug|Any CPU.ActiveCfg = Debug|Any CPU
		{7D691932-52C0-AB77-4078-DDA751C4288C}.Debug|Any CPU.Build.0 = Debug|Any CPU
		{7D691932-52C0-AB77-4078-DDA751C4288C}.Release|Any CPU.ActiveCfg = Release|Any CPU
		{7D691932-52C0-AB77-4078-DDA751C4288C}.Release|Any CPU.Build.0 = Release|Any CPU
		{54FC57ED-10AD-467C-0404-CB70C4509D19}.Debug|Any CPU.ActiveCfg = Debug|Any CPU
		{54FC57ED-10AD-467C-0404-CB70C4509D19}.Debug|Any CPU.Build.0 = Debug|Any CPU
		{54FC57ED-10AD-467C-0404-CB70C4509D19}.Release|Any CPU.ActiveCfg = Release|Any CPU
		{54FC57ED-10AD-467C-0404-CB70C4509D19}.Release|Any CPU.Build.0 = Release|Any CPU
		{95883AD8-1501-5EC8-0DEC-0F8DDC9AAE68}.Debug|Any CPU.ActiveCfg = Debug|Any CPU
		{95883AD8-1501-5EC8-0DEC-0F8DDC9AAE68}.Debug|Any CPU.Build.0 = Debug|Any CPU
		{95883AD8-1501-5EC8-0DEC-0F8DDC9AAE68}.Release|Any CPU.ActiveCfg = Release|Any CPU
		{95883AD8-1501-5EC8-0DEC-0F8DDC9AAE68}.Release|Any CPU.Build.0 = Release|Any CPU
		{3A0BC6FA-5685-DA06-C3B8-9DB1A6B5BF19}.Debug|Any CPU.ActiveCfg = Debug|Any CPU
		{3A0BC6FA-5685-DA06-C3B8-9DB1A6B5BF19}.Debug|Any CPU.Build.0 = Debug|Any CPU
		{3A0BC6FA-5685-DA06-C3B8-9DB1A6B5BF19}.Release|Any CPU.ActiveCfg = Release|Any CPU
		{3A0BC6FA-5685-DA06-C3B8-9DB1A6B5BF19}.Release|Any CPU.Build.0 = Release|Any CPU
		{D65AF96F-3317-2FD1-BACE-7F3ABFE4CFAE}.Debug|Any CPU.ActiveCfg = Debug|Any CPU
		{D65AF96F-3317-2FD1-BACE-7F3ABFE4CFAE}.Debug|Any CPU.Build.0 = Debug|Any CPU
		{D65AF96F-3317-2FD1-BACE-7F3ABFE4CFAE}.Release|Any CPU.ActiveCfg = Release|Any CPU
		{D65AF96F-3317-2FD1-BACE-7F3ABFE4CFAE}.Release|Any CPU.Build.0 = Release|Any CPU
		{5522C232-8CC4-9D47-7D7F-A15B23A1A5F6}.Debug|Any CPU.ActiveCfg = Debug|Any CPU
		{5522C232-8CC4-9D47-7D7F-A15B23A1A5F6}.Debug|Any CPU.Build.0 = Debug|Any CPU
		{5522C232-8CC4-9D47-7D7F-A15B23A1A5F6}.Release|Any CPU.ActiveCfg = Release|Any CPU
		{5522C232-8CC4-9D47-7D7F-A15B23A1A5F6}.Release|Any CPU.Build.0 = Release|Any CPU
		{4FAED413-AE68-0991-E4B2-AF7D1617D951}.Debug|Any CPU.ActiveCfg = Debug|Any CPU
		{4FAED413-AE68-0991-E4B2-AF7D1617D951}.Debug|Any CPU.Build.0 = Debug|Any CPU
		{4FAED413-AE68-0991-E4B2-AF7D1617D951}.Release|Any CPU.ActiveCfg = Release|Any CPU
		{4FAED413-AE68-0991-E4B2-AF7D1617D951}.Release|Any CPU.Build.0 = Release|Any CPU
		{6284E211-86E4-450F-B639-D4C80ECFAFAB}.Debug|Any CPU.ActiveCfg = Debug|Any CPU
		{6284E211-86E4-450F-B639-D4C80ECFAFAB}.Debug|Any CPU.Build.0 = Debug|Any CPU
		{6284E211-86E4-450F-B639-D4C80ECFAFAB}.Release|Any CPU.ActiveCfg = Release|Any CPU
		{6284E211-86E4-450F-B639-D4C80ECFAFAB}.Release|Any CPU.Build.0 = Release|Any CPU
		{6AB30D69-8203-4D77-A05B-9677033B1A36}.Debug|Any CPU.ActiveCfg = Debug|Any CPU
		{6AB30D69-8203-4D77-A05B-9677033B1A36}.Debug|Any CPU.Build.0 = Debug|Any CPU
		{6AB30D69-8203-4D77-A05B-9677033B1A36}.Release|Any CPU.ActiveCfg = Release|Any CPU
		{6AB30D69-8203-4D77-A05B-9677033B1A36}.Release|Any CPU.Build.0 = Release|Any CPU
		{886F4DB1-4713-4C35-9940-2D177A6C4154}.Debug|Any CPU.ActiveCfg = Debug|Any CPU
		{886F4DB1-4713-4C35-9940-2D177A6C4154}.Debug|Any CPU.Build.0 = Debug|Any CPU
		{886F4DB1-4713-4C35-9940-2D177A6C4154}.Release|Any CPU.ActiveCfg = Release|Any CPU
		{886F4DB1-4713-4C35-9940-2D177A6C4154}.Release|Any CPU.Build.0 = Release|Any CPU
		{E3C3FB7B-01C7-40B7-9559-95C7FD92C288}.Debug|Any CPU.ActiveCfg = Debug|Any CPU
		{E3C3FB7B-01C7-40B7-9559-95C7FD92C288}.Debug|Any CPU.Build.0 = Debug|Any CPU
		{E3C3FB7B-01C7-40B7-9559-95C7FD92C288}.Release|Any CPU.ActiveCfg = Release|Any CPU
		{E3C3FB7B-01C7-40B7-9559-95C7FD92C288}.Release|Any CPU.Build.0 = Release|Any CPU
		{92C9E8C2-CEC0-480A-9AB3-DFD05A673A6C}.Debug|Any CPU.ActiveCfg = Debug|Any CPU
		{92C9E8C2-CEC0-480A-9AB3-DFD05A673A6C}.Debug|Any CPU.Build.0 = Debug|Any CPU
		{92C9E8C2-CEC0-480A-9AB3-DFD05A673A6C}.Release|Any CPU.ActiveCfg = Release|Any CPU
		{92C9E8C2-CEC0-480A-9AB3-DFD05A673A6C}.Release|Any CPU.Build.0 = Release|Any CPU
		{D82C8573-5EC0-4040-A934-857D50EEAF86}.Debug|Any CPU.ActiveCfg = Debug|Any CPU
		{D82C8573-5EC0-4040-A934-857D50EEAF86}.Debug|Any CPU.Build.0 = Debug|Any CPU
		{D82C8573-5EC0-4040-A934-857D50EEAF86}.Release|Any CPU.ActiveCfg = Release|Any CPU
		{D82C8573-5EC0-4040-A934-857D50EEAF86}.Release|Any CPU.Build.0 = Release|Any CPU
	EndGlobalSection
	GlobalSection(SolutionProperties) = preSolution
		HideSolutionNode = FALSE
	EndGlobalSection
	GlobalSection(NestedProjects) = preSolution
		{3FC51F79-4A5A-FFAD-F1EC-307F1AFBB7CE} = {BC254084-F087-445E-AA1D-111697CA93E2}
		{46474C71-8B27-D498-D9C6-202F8B067D25} = {BC254084-F087-445E-AA1D-111697CA93E2}
		{37CA85CE-A33B-D339-D2C8-E78911ED02D1} = {BC254084-F087-445E-AA1D-111697CA93E2}
		{B1B0244B-6080-4401-86DC-1D6EB65B01AE} = {76C0CD42-1BA1-4E1D-9CC6-AEE416B8A68D}
		{1513C731-B9F9-4D41-8B8B-19FDC71AC214} = {76C0CD42-1BA1-4E1D-9CC6-AEE416B8A68D}
		{A0D3F93B-101F-4965-9A32-A8C38E047468} = {76C0CD42-1BA1-4E1D-9CC6-AEE416B8A68D}
		{BFA6E263-05EB-A1F1-3B83-BB00FF645A06} = {B1B0244B-6080-4401-86DC-1D6EB65B01AE}
		{539849C7-F692-41FF-AC39-282712F348AC} = {B1B0244B-6080-4401-86DC-1D6EB65B01AE}
		{28F9D136-DBD1-438F-8968-61F0A4C0054B} = {B1B0244B-6080-4401-86DC-1D6EB65B01AE}
		{D8BE8637-BF53-49F0-A376-EE956C128197} = {B1B0244B-6080-4401-86DC-1D6EB65B01AE}
		{9B736306-8C63-4011-A3FE-D6E022C8C602} = {909214BF-1E60-4841-88AD-22048DCF2823}
		{A7D48F12-BD65-4FEE-A776-38059E1FB74B} = {909214BF-1E60-4841-88AD-22048DCF2823}
		{3366B6D5-7399-4B0E-AA8B-BF358B309B1A} = {909214BF-1E60-4841-88AD-22048DCF2823}
		{7D691932-52C0-AB77-4078-DDA751C4288C} = {909214BF-1E60-4841-88AD-22048DCF2823}
		{54FC57ED-10AD-467C-0404-CB70C4509D19} = {1513C731-B9F9-4D41-8B8B-19FDC71AC214}
		{95883AD8-1501-5EC8-0DEC-0F8DDC9AAE68} = {1513C731-B9F9-4D41-8B8B-19FDC71AC214}
		{3A0BC6FA-5685-DA06-C3B8-9DB1A6B5BF19} = {1513C731-B9F9-4D41-8B8B-19FDC71AC214}
		{D65AF96F-3317-2FD1-BACE-7F3ABFE4CFAE} = {A0D3F93B-101F-4965-9A32-A8C38E047468}
		{5522C232-8CC4-9D47-7D7F-A15B23A1A5F6} = {A0D3F93B-101F-4965-9A32-A8C38E047468}
		{4FAED413-AE68-0991-E4B2-AF7D1617D951} = {A0D3F93B-101F-4965-9A32-A8C38E047468}
		{6284E211-86E4-450F-B639-D4C80ECFAFAB} = {BC254084-F087-445E-AA1D-111697CA93E2}
		{6AB30D69-8203-4D77-A05B-9677033B1A36} = {909214BF-1E60-4841-88AD-22048DCF2823}
		{886F4DB1-4713-4C35-9940-2D177A6C4154} = {909214BF-1E60-4841-88AD-22048DCF2823}
		{E3C3FB7B-01C7-40B7-9559-95C7FD92C288} = {909214BF-1E60-4841-88AD-22048DCF2823}
		{92C9E8C2-CEC0-480A-9AB3-DFD05A673A6C} = {BC254084-F087-445E-AA1D-111697CA93E2}
		{D82C8573-5EC0-4040-A934-857D50EEAF86} = {909214BF-1E60-4841-88AD-22048DCF2823}
	EndGlobalSection
	GlobalSection(ExtensibilityGlobals) = postSolution
		SolutionGuid = {C5F730B5-D978-4478-82E5-2F6DB123A629}
	EndGlobalSection
EndGlobal
